{
  "name": "tmongodao",
  "version": "0.0.1",
  "lockfileVersion": 1,
  "requires": true,
  "dependencies": {
    "bson": {
      "version": "http://registry.npmjs.org/bson/-/bson-1.0.4.tgz",
      "integrity": "sha1-k8ENOeqltYQVy8QFLz5T5WKwtyw="
    },
    "buffer-shims": {
      "version": "http://registry.npm.taobao.org/buffer-shims/download/buffer-shims-1.0.0.tgz",
      "integrity": "sha1-mXjOMXOIxkmth5MCjDR37wRKi1E="
    },
    "clone-deep": {
      "version": "http://registry.npmjs.org/clone-deep/-/clone-deep-2.0.2.tgz",
      "integrity": "sha1-ANs6Hhc2VnMNEYjD1qztbX6pdxM=",
      "requires": {
        "for-own": "http://registry.npmjs.org/for-own/-/for-own-1.0.0.tgz",
        "is-plain-object": "http://registry.npmjs.org/is-plain-object/-/is-plain-object-2.0.4.tgz",
        "kind-of": "http://registry.npmjs.org/kind-of/-/kind-of-6.0.2.tgz",
        "shallow-clone": "http://registry.npmjs.org/shallow-clone/-/shallow-clone-1.0.0.tgz"
      }
    },
    "core-util-is": {
      "version": "http://registry.npm.taobao.org/core-util-is/download/core-util-is-1.0.2.tgz",
      "integrity": "sha1-tf1UIgqivFq1eqtxQMlAdUUDwac="
    },
    "debug": {
      "version": "http://registry.npmjs.org/debug/-/debug-3.1.0.tgz",
      "integrity": "sha1-W7WgZyYotkFJVmuhaBnmFRjGcmE=",
      "requires": {
        "ms": "http://registry.npmjs.org/ms/-/ms-2.0.0.tgz"
      }
    },
    "es6-promise": {
      "version": "http://registry.npmjs.org/es6-promise/-/es6-promise-3.2.1.tgz",
      "integrity": "sha1-7FYjOGgDKQkgcXDDlEjiREndH8Q="
    },
    "for-in": {
      "version": "http://registry.npmjs.org/for-in/-/for-in-1.0.2.tgz",
      "integrity": "sha1-gQaNKVqBQuwKxybG4iAMMPttXoA="
    },
    "for-own": {
      "version": "http://registry.npmjs.org/for-own/-/for-own-1.0.0.tgz",
      "integrity": "sha1-xjMy9BXO3EsE2/5wz4NklMU8tEs=",
      "requires": {
        "for-in": "http://registry.npmjs.org/for-in/-/for-in-1.0.2.tgz"
      }
    },
    "inherits": {
      "version": "http://registry.npm.taobao.org/inherits/download/inherits-2.0.3.tgz",
      "integrity": "sha1-Yzwsg+PaQqUC9SRmAiSA9CCCYd4="
    },
    "is-extendable": {
      "version": "http://registry.npmjs.org/is-extendable/-/is-extendable-0.1.1.tgz",
      "integrity": "sha1-YrEQ4omkcUGOPsNqYX1HLjAd/Ik="
    },
    "is-plain-object": {
      "version": "http://registry.npmjs.org/is-plain-object/-/is-plain-object-2.0.4.tgz",
      "integrity": "sha1-LBY7P6+xtgbZ0Xko8FwqHDjgdnc=",
      "requires": {
        "isobject": "http://registry.npmjs.org/isobject/-/isobject-3.0.1.tgz"
      }
    },
    "isarray": {
      "version": "http://registry.npm.taobao.org/isarray/download/isarray-1.0.0.tgz",
      "integrity": "sha1-u5NdSFgsuhaMBoNJV6VKPgcSTxE="
    },
    "isobject": {
      "version": "http://registry.npmjs.org/isobject/-/isobject-3.0.1.tgz",
      "integrity": "sha1-TkMekrEalzFjaqH5yNHMvP2reN8="
    },
    "kind-of": {
      "version": "http://registry.npmjs.org/kind-of/-/kind-of-6.0.2.tgz",
      "integrity": "sha1-ARRrNqYhjmTljzqNZt5df8b20FE="
    },
    "mixin-object": {
      "version": "http://registry.npmjs.org/mixin-object/-/mixin-object-2.0.1.tgz",
      "integrity": "sha1-T7lJRB2rGCVA8f4DW6YOGUel5X4=",
      "requires": {
        "for-in": "http://registry.npmjs.org/for-in/-/for-in-0.1.8.tgz",
        "is-extendable": "http://registry.npmjs.org/is-extendable/-/is-extendable-0.1.1.tgz"
      },
      "dependencies": {
        "for-in": {
          "version": "http://registry.npmjs.org/for-in/-/for-in-0.1.8.tgz",
          "integrity": "sha1-2Hc5COMSVhCZUrH9ubP6hn0ndeE="
        }
      }
    },
    "mongodb": {
      "version": "http://registry.npmjs.org/mongodb/-/mongodb-2.2.34.tgz",
      "integrity": "sha1-o09Zu+thdUrsQy3nLD/iFSakTBo=",
      "requires": {
        "es6-promise": "http://registry.npmjs.org/es6-promise/-/es6-promise-3.2.1.tgz",
        "mongodb-core": "http://registry.npmjs.org/mongodb-core/-/mongodb-core-2.1.18.tgz",
        "readable-stream": "http://registry.npmjs.org/readable-stream/-/readable-stream-2.2.7.tgz"
      }
    },
    "mongodb-core": {
      "version": "http://registry.npmjs.org/mongodb-core/-/mongodb-core-2.1.18.tgz",
      "integrity": "sha1-TEYTm986HwMt7ZHbSfOO7AFlkFA=",
      "requires": {
        "bson": "http://registry.npmjs.org/bson/-/bson-1.0.4.tgz",
        "require_optional": "http://registry.npmjs.org/require_optional/-/require_optional-1.0.1.tgz"
      }
    },
    "monk": {
      "version": "http://registry.npmjs.org/monk/-/monk-6.0.5.tgz",
      "integrity": "sha1-ppvoTnC6SqdxuWGff3PellpQYQo=",
      "requires": {
        "debug": "http://registry.npmjs.org/debug/-/debug-3.1.0.tgz",
        "mongodb": "http://registry.npmjs.org/mongodb/-/mongodb-2.2.34.tgz",
        "monk-middleware-cast-ids": "http://registry.npmjs.org/monk-middleware-cast-ids/-/monk-middleware-cast-ids-0.2.1.tgz",
        "monk-middleware-fields": "http://registry.npmjs.org/monk-middleware-fields/-/monk-middleware-fields-0.2.0.tgz",
        "monk-middleware-handle-callback": "http://registry.npmjs.org/monk-middleware-handle-callback/-/monk-middleware-handle-callback-0.2.2.tgz",
        "monk-middleware-options": "http://registry.npmjs.org/monk-middleware-options/-/monk-middleware-options-0.2.1.tgz",
        "monk-middleware-query": "http://registry.npmjs.org/monk-middleware-query/-/monk-middleware-query-0.2.0.tgz",
        "monk-middleware-wait-for-connection": "http://registry.npmjs.org/monk-middleware-wait-for-connection/-/monk-middleware-wait-for-connection-0.2.0.tgz",
        "object-assign": "http://registry.npm.taobao.org/object-assign/download/object-assign-4.1.1.tgz"
      }
    },
    "monk-middleware-cast-ids": {
      "version": "http://registry.npmjs.org/monk-middleware-cast-ids/-/monk-middleware-cast-ids-0.2.1.tgz",
      "integrity": "sha1-QMQOWmyzPM7cKJIglDJ17ohhxSk="
    },
    "monk-middleware-fields": {
      "version": "http://registry.npmjs.org/monk-middleware-fields/-/monk-middleware-fields-0.2.0.tgz",
      "integrity": "sha1-/2N6819ZSIecyyvhWpE2CRG+psE="
    },
    "monk-middleware-handle-callback": {
      "version": "http://registry.npmjs.org/monk-middleware-handle-callback/-/monk-middleware-handle-callback-0.2.2.tgz",
      "integrity": "sha1-R95swSSHJscqK+DIG8TmgxDDIUY="
    },
    "monk-middleware-options": {
      "version": "http://registry.npmjs.org/monk-middleware-options/-/monk-middleware-options-0.2.1.tgz",
      "integrity": "sha1-WNrhxRjUZjbr3/UG+t/Hc7tEKIY="
    },
    "monk-middleware-query": {
      "version": "http://registry.npmjs.org/monk-middleware-query/-/monk-middleware-query-0.2.0.tgz",
      "integrity": "sha1-qSbGd9SlYgxiFRsKVtDAwVFnWHQ="
    },
    "monk-middleware-wait-for-connection": {
      "version": "http://registry.npmjs.org/monk-middleware-wait-for-connection/-/monk-middleware-wait-for-connection-0.2.0.tgz",
      "integrity": "sha1-MSlY0w5Yi1fQl1TdfJe0hDMWg1o="
    },
    "ms": {
      "version": "http://registry.npmjs.org/ms/-/ms-2.0.0.tgz",
      "integrity": "sha1-VgiurfwAvmwpAd9fmGF4jeDVl8g="
    },
    "object-assign": {
      "version": "http://registry.npm.taobao.org/object-assign/download/object-assign-4.1.1.tgz",
      "integrity": "sha1-IQmtx5ZYh8/AXLvUQsrIv7s2CGM="
    },
    "process-nextick-args": {
      "version": "http://registry.npm.taobao.org/process-nextick-args/download/process-nextick-args-1.0.7.tgz",
      "integrity": "sha1-FQ4gt1ZZCtP5EJPyWk8q2L/zC6M="
    },
    "readable-stream": {
      "version": "http://registry.npmjs.org/readable-stream/-/readable-stream-2.2.7.tgz",
      "integrity": "sha1-BwV6y+JGeyIELTb5jFrVBwVOlbE=",
      "requires": {
        "buffer-shims": "http://registry.npm.taobao.org/buffer-shims/download/buffer-shims-1.0.0.tgz",
        "core-util-is": "http://registry.npm.taobao.org/core-util-is/download/core-util-is-1.0.2.tgz",
        "inherits": "http://registry.npm.taobao.org/inherits/download/inherits-2.0.3.tgz",
        "isarray": "http://registry.npm.taobao.org/isarray/download/isarray-1.0.0.tgz",
        "process-nextick-args": "http://registry.npm.taobao.org/process-nextick-args/download/process-nextick-args-1.0.7.tgz",
        "string_decoder": "http://registry.npmjs.org/string_decoder/-/string_decoder-1.0.3.tgz",
        "util-deprecate": "http://registry.npm.taobao.org/util-deprecate/download/util-deprecate-1.0.2.tgz"
      }
    },
    "require_optional": {
      "version": "http://registry.npmjs.org/require_optional/-/require_optional-1.0.1.tgz",
      "integrity": "sha1-TPNaQkf2TKPfjC7yCMxJSxyo/C4=",
      "requires": {
        "resolve-from": "http://registry.npmjs.org/resolve-from/-/resolve-from-2.0.0.tgz",
        "semver": "http://registry.npmjs.org/semver/-/semver-5.5.0.tgz"
      }
    },
    "resolve-from": {
      "version": "http://registry.npmjs.org/resolve-from/-/resolve-from-2.0.0.tgz",
      "integrity": "sha1-lICrIOlP+h2egKgEx+oUdhGWa1c="
    },
    "safe-buffer": {
      "version": "http://registry.npmjs.org/safe-buffer/-/safe-buffer-5.1.1.tgz",
      "integrity": "sha1-iTMSr2myEj3vcfV4iQAWce6yyFM="
    },
    "semver": {
      "version": "http://registry.npmjs.org/semver/-/semver-5.5.0.tgz",
      "integrity": "sha1-3Eu8emyp2Rbe5dQ1FvAJK1j3uKs="
    },
    "shallow-clone": {
      "version": "http://registry.npmjs.org/shallow-clone/-/shallow-clone-1.0.0.tgz",
      "integrity": "sha1-RIDNBuiC72iyrYij6lSDLixItXE=",
      "requires": {
        "is-extendable": "http://registry.npmjs.org/is-extendable/-/is-extendable-0.1.1.tgz",
        "kind-of": "http://registry.npmjs.org/kind-of/-/kind-of-5.1.0.tgz",
        "mixin-object": "http://registry.npmjs.org/mixin-object/-/mixin-object-2.0.1.tgz"
      },
      "dependencies": {
        "kind-of": {
          "version": "http://registry.npmjs.org/kind-of/-/kind-of-5.1.0.tgz",
          "integrity": "sha1-cpyR4thXt6QZofmqZWhcTDP1hF0="
        }
      }
    },
    "string_decoder": {
      "version": "http://registry.npmjs.org/string_decoder/-/string_decoder-1.0.3.tgz",
      "integrity": "sha1-D8Z9fBQYJd6UKC3VNr7GubzoYKs=",
      "requires": {
        "safe-buffer": "http://registry.npmjs.org/safe-buffer/-/safe-buffer-5.1.1.tgz"
      }
    },
    "superstruct": {
      "version": "http://registry.npmjs.org/superstruct/-/superstruct-0.5.0.tgz",
      "integrity": "sha1-N0ODfuimIXVNSbA/ftB7638u1Tc=",
      "requires": {
        "clone-deep": "http://registry.npmjs.org/clone-deep/-/clone-deep-2.0.2.tgz",
        "kind-of": "http://registry.npmjs.org/kind-of/-/kind-of-6.0.2.tgz"
      }
    },
    "tcacher": {
      "version": "0.0.3",
      "resolved": "https://registry.npmjs.org/tcacher/-/tcacher-0.0.3.tgz",
      "integrity": "sha512-jJix0bgsZwKKnndIJrFTguU1KzldCphXTuXiKkbJRFLG9d3+CMntQqWhTsB3lyohjIL9f9iXrorWEgnP9byNuQ=="
    },
    "tpicker": {
      "version": "0.0.2",
      "resolved": "https://registry.npmjs.org/tpicker/-/tpicker-0.0.2.tgz",
      "integrity": "sha512-gJTG4zREFVkqHzfBIIUHDd2C/PpPm5Y+Gn5xFD7SBL1jqnCotHgFTtJNQRirb6Lg65rBFuT+N6phbGuZADiNpA=="
    },
    "util-deprecate": {
      "version": "http://registry.npm.taobao.org/util-deprecate/download/util-deprecate-1.0.2.tgz",
      "integrity": "sha1-RQ1Nyfpw3nMnYvvS1KKJgUGaDM8="
    }
  }
}
